
Microsoft Visual Studio Solution File, Format Version 12.00
# Visual Studio 15
VisualStudioVersion = 15.0.26730.16
MinimumVisualStudioVersion = 10.0.40219.1
Project("{F5034706-568F-408A-B7B3-4D38C6DB8A32}") = "SitecoreInstallExtensions", "SitecoreInstallExtensions\SitecoreInstallExtensions.pssproj", "{6CAFC0C6-A428-4D30-A9F9-700E829FEA51}"
EndProject
Project("{2150E333-8FDC-42A3-9474-1A3956D46DE8}") = "Configurations", "Configurations", "{8501A592-0ACB-470D-8971-DFA2123A90B9}"
	ProjectSection(SolutionItems) = preProject
		Configuration\empty.json = Configuration\empty.json
		Configuration\example-azure-sas.json = Configuration\example-azure-sas.json
		Configuration\example-azure.json = Configuration\example-azure.json
		Configuration\remove-sitecore8-xp0.json = Configuration\remove-sitecore8-xp0.json
		Configuration\Remove-Solr.json = Configuration\Remove-Solr.json
		Configuration\secrets-example.json = Configuration\secrets-example.json
		Configuration\security-hardening.json = Configuration\security-hardening.json
		Configuration\sifology-demo.json = Configuration\sifology-demo.json
		Configuration\sitecore-packages.json = Configuration\sitecore-packages.json
		Configuration\sitecore-prerequisites.json = Configuration\sitecore-prerequisites.json
		sitecore.performance.json = sitecore.performance.json
		Configuration\sitecore8-xp0.json = Configuration\sitecore8-xp0.json
		Configuration\sitecore9.azure.json = Configuration\sitecore9.azure.json
		Configuration\sitecore9.azure.sas.json = Configuration\sitecore9.azure.sas.json
		Configuration\sitecore9.prerequisites.json = Configuration\sitecore9.prerequisites.json
		Configuration\Solr.json = Configuration\Solr.json
		Configuration\SolrServerNSSM.json = Configuration\SolrServerNSSM.json
		Configuration\xcommerce9.azure.json = Configuration\xcommerce9.azure.json
		Configuration\xcommerce9.azure.sas.json = Configuration\xcommerce9.azure.sas.json
		Configuration\xcommerce9.prerequisites.json = Configuration\xcommerce9.prerequisites.json
	EndProjectSection
	ProjectSection(FolderGlobals) = preProject
		__JSONSchema = http://json.schemastore.org/appsettings
	EndProjectSection
EndProject
Project("{2150E333-8FDC-42A3-9474-1A3956D46DE8}") = "Solution Items", "Solution Items", "{62891693-DBF4-4885-889C-A0F27B3FFF9E}"
	ProjectSection(SolutionItems) = preProject
		generatehelp.ps1 = generatehelp.ps1
		install-all-example.ps1 = install-all-example.ps1
		install-modules.ps1 = install-modules.ps1
		sitecore9.commerce.azure.ps1 = sitecore9.commerce.azure.ps1
		sitecore9.commerce.azure.sas.ps1 = sitecore9.commerce.azure.sas.ps1
		sitecore9.xp0.azure.ps1 = sitecore9.xp0.azure.ps1
		sitecore9.xp0.azure.sas.ps1 = sitecore9.xp0.azure.sas.ps1
		solr.ps1 = solr.ps1
		uninstall-sitecore.ps1 = uninstall-sitecore.ps1
	EndProjectSection
EndProject
Project("{2150E333-8FDC-42A3-9474-1A3956D46DE8}") = "Documentation", "Documentation", "{C1897BAE-C194-45CF-996B-8D8F22C19CAB}"
EndProject
Project("{F5034706-568F-408A-B7B3-4D38C6DB8A32}") = "SitecoreInstallAzure", "SitecoreInstallAzure\SitecoreInstallAzure.pssproj", "{AD4F4621-CCFE-4DA2-B52A-28E816E42E60}"
EndProject
Project("{2150E333-8FDC-42A3-9474-1A3956D46DE8}") = "Tools", "Tools", "{D618C349-AC18-4532-A807-4949080AC834}"
	ProjectSection(SolutionItems) = preProject
		tools\list-sitecore-stuff.ps1 = tools\list-sitecore-stuff.ps1
		remove-signature.ps1 = remove-signature.ps1
	EndProjectSection
EndProject
Global
	GlobalSection(SolutionConfigurationPlatforms) = preSolution
		Debug|Any CPU = Debug|Any CPU
		Release|Any CPU = Release|Any CPU
	EndGlobalSection
	GlobalSection(ProjectConfigurationPlatforms) = postSolution
		{6CAFC0C6-A428-4D30-A9F9-700E829FEA51}.Debug|Any CPU.ActiveCfg = Debug|Any CPU
		{6CAFC0C6-A428-4D30-A9F9-700E829FEA51}.Debug|Any CPU.Build.0 = Debug|Any CPU
		{6CAFC0C6-A428-4D30-A9F9-700E829FEA51}.Release|Any CPU.ActiveCfg = Release|Any CPU
		{6CAFC0C6-A428-4D30-A9F9-700E829FEA51}.Release|Any CPU.Build.0 = Release|Any CPU
		{AD4F4621-CCFE-4DA2-B52A-28E816E42E60}.Debug|Any CPU.ActiveCfg = Debug|Any CPU
		{AD4F4621-CCFE-4DA2-B52A-28E816E42E60}.Debug|Any CPU.Build.0 = Debug|Any CPU
		{AD4F4621-CCFE-4DA2-B52A-28E816E42E60}.Release|Any CPU.ActiveCfg = Release|Any CPU
		{AD4F4621-CCFE-4DA2-B52A-28E816E42E60}.Release|Any CPU.Build.0 = Release|Any CPU
	EndGlobalSection
	GlobalSection(SolutionProperties) = preSolution
		HideSolutionNode = FALSE
	EndGlobalSection
	GlobalSection(ExtensibilityGlobals) = postSolution
		SolutionGuid = {FCC3F961-BFC3-4F50-81EF-30CAC4507AD9}
	EndGlobalSection
EndGlobal
